
Microsoft Visual Studio Solution File, Format Version 12.00
# Visual Studio 15
VisualStudioVersion = 15.0.28307.329
MinimumVisualStudioVersion = 10.0.40219.1
Project("{FAE04EC0-301F-11D3-BF4B-00C04F79EFBC}") = "Black and Blue", "Black and Blue\Black and Blue.csproj", "{2DC83977-61FE-4037-87F4-AB1E5BA2A184}"
EndProject
Project("{FAE04EC0-301F-11D3-BF4B-00C04F79EFBC}") = "pbControl", "pbControl\pbControl.csproj", "{81064420-9B39-44D3-99D8-208E1FD16B9C}"
EndProject
Global
	GlobalSection(SolutionConfigurationPlatforms) = preSolution
		Debug|Any CPU = Debug|Any CPU
		Release|Any CPU = Release|Any CPU
	EndGlobalSection
	GlobalSection(ProjectConfigurationPlatforms) = postSolution
		{2DC83977-61FE-4037-87F4-AB1E5BA2A184}.Debug|Any CPU.ActiveCfg = Debug|Any CPU
		{2DC83977-61FE-4037-87F4-AB1E5BA2A184}.Debug|Any CPU.Build.0 = Debug|Any CPU
		{2DC83977-61FE-4037-87F4-AB1E5BA2A184}.Release|Any CPU.ActiveCfg = Release|Any CPU
		{2DC83977-61FE-4037-87F4-AB1E5BA2A184}.Release|Any CPU.Build.0 = Release|Any CPU
		{81064420-9B39-44D3-99D8-208E1FD16B9C}.Debug|Any CPU.ActiveCfg = Debug|Any CPU
		{81064420-9B39-44D3-99D8-208E1FD16B9C}.Debug|Any CPU.Build.0 = Debug|Any CPU
		{81064420-9B39-44D3-99D8-208E1FD16B9C}.Release|Any CPU.ActiveCfg = Release|Any CPU
		{81064420-9B39-44D3-99D8-208E1FD16B9C}.Release|Any CPU.Build.0 = Release|Any CPU
	EndGlobalSection
	GlobalSection(SolutionProperties) = preSolution
		HideSolutionNode = FALSE
	EndGlobalSection
	GlobalSection(ExtensibilityGlobals) = postSolution
		SolutionGuid = {FB3FE0BC-3E6A-49FA-BA05-B273E58F0857}
	EndGlobalSection
EndGlobal
